// !$*UTF8*$!
{
	archiveVersion = 1;
	classes = {
	};
	objectVersion = 50;
	objects = {

/* Begin PBXBuildFile section */
		31A4CA7E2373EAEC00066E49 /* AppDelegate.swift in Sources */ = {isa = PBXBuildFile; fileRef = 31A4CA7D2373EAEC00066E49 /* AppDelegate.swift */; };
		31A4CA802373EAEC00066E49 /* ViewController.swift in Sources */ = {isa = PBXBuildFile; fileRef = 31A4CA7F2373EAEC00066E49 /* ViewController.swift */; };
		31A4CA832373EAEC00066E49 /* Main.storyboard in Resources */ = {isa = PBXBuildFile; fileRef = 31A4CA812373EAEC00066E49 /* Main.storyboard */; };
		31A4CA852373EAEE00066E49 /* Assets.xcassets in Resources */ = {isa = PBXBuildFile; fileRef = 31A4CA842373EAEE00066E49 /* Assets.xcassets */; };
		31A4CA882373EAEE00066E49 /* LaunchScreen.storyboard in Resources */ = {isa = PBXBuildFile; fileRef = 31A4CA862373EAEE00066E49 /* LaunchScreen.storyboard */; };
		31A4CA932373EAEE00066E49 /* OHSearchAppTests.swift in Sources */ = {isa = PBXBuildFile; fileRef = 31A4CA922373EAEE00066E49 /* OHSearchAppTests.swift */; };
		31A4CA9E2373EAEE00066E49 /* OHSearchAppUITests.swift in Sources */ = {isa = PBXBuildFile; fileRef = 31A4CA9D2373EAEE00066E49 /* OHSearchAppUITests.swift */; };
/* End PBXBuildFile section */

/* Begin PBXContainerItemProxy section */
		31A4CA8F2373EAEE00066E49 /* PBXContainerItemProxy */ = {
			isa = PBXContainerItemProxy;
			containerPortal = 31A4CA722373EAEC00066E49 /* Project object */;
			proxyType = 1;
			remoteGlobalIDString = 31A4CA792373EAEC00066E49;
			remoteInfo = OHSearchApp;
		};
		31A4CA9A2373EAEE00066E49 /* PBXContainerItemProxy */ = {
			isa = PBXContainerItemProxy;
			containerPortal = 31A4CA722373EAEC00066E49 /* Project object */;
			proxyType = 1;
			remoteGlobalIDString = 31A4CA792373EAEC00066E49;
			remoteInfo = OHSearchApp;
		};
/* End PBXContainerItemProxy section */

/* Begin PBXFileReference section */
		31A4CA7A2373EAEC00066E49 /* OHSearchApp.app */ = {isa = PBXFileReference; explicitFileType = wrapper.application; includeInIndex = 0; path = OHSearchApp.app; sourceTree = BUILT_PRODUCTS_DIR; };
		31A4CA7D2373EAEC00066E49 /* AppDelegate.swift */ = {isa = PBXFileReference; lastKnownFileType = sourcecode.swift; path = AppDelegate.swift; sourceTree = "<group>"; };
		31A4CA7F2373EAEC00066E49 /* ViewController.swift */ = {isa = PBXFileReference; lastKnownFileType = sourcecode.swift; path = ViewController.swift; sourceTree = "<group>"; };
		31A4CA822373EAEC00066E49 /* Base */ = {isa = PBXFileReference; lastKnownFileType = file.storyboard; name = Base; path = Base.lproj/Main.storyboard; sourceTree = "<group>"; };
		31A4CA842373EAEE00066E49 /* Assets.xcassets */ = {isa = PBXFileReference; lastKnownFileType = folder.assetcatalog; path = Assets.xcassets; sourceTree = "<group>"; };
		31A4CA872373EAEE00066E49 /* Base */ = {isa = PBXFileReference; lastKnownFileType = file.storyboard; name = Base; path = Base.lproj/LaunchScreen.storyboard; sourceTree = "<group>"; };
		31A4CA892373EAEE00066E49 /* Info.plist */ = {isa = PBXFileReference; lastKnownFileType = text.plist.xml; path = Info.plist; sourceTree = "<group>"; };
		31A4CA8E2373EAEE00066E49 /* OHSearchAppTests.xctest */ = {isa = PBXFileReference; explicitFileType = wrapper.cfbundle; includeInIndex = 0; path = OHSearchAppTests.xctest; sourceTree = BUILT_PRODUCTS_DIR; };
		31A4CA922373EAEE00066E49 /* OHSearchAppTests.swift */ = {isa = PBXFileReference; lastKnownFileType = sourcecode.swift; path = OHSearchAppTests.swift; sourceTree = "<group>"; };
		31A4CA942373EAEE00066E49 /* Info.plist */ = {isa = PBXFileReference; lastKnownFileType = text.plist.xml; path = Info.plist; sourceTree = "<group>"; };
		31A4CA992373EAEE00066E49 /* OHSearchAppUITests.xctest */ = {isa = PBXFileReference; explicitFileType = wrapper.cfbundle; includeInIndex = 0; path = OHSearchAppUITests.xctest; sourceTree = BUILT_PRODUCTS_DIR; };
		31A4CA9D2373EAEE00066E49 /* OHSearchAppUITests.swift */ = {isa = PBXFileReference; lastKnownFileType = sourcecode.swift; path = OHSearchAppUITests.swift; sourceTree = "<group>"; };
		31A4CA9F2373EAEE00066E49 /* Info.plist */ = {isa = PBXFileReference; lastKnownFileType = text.plist.xml; path = Info.plist; sourceTree = "<group>"; };
/* End PBXFileReference section */

/* Begin PBXFrameworksBuildPhase section */
		31A4CA772373EAEC00066E49 /* Frameworks */ = {
			isa = PBXFrameworksBuildPhase;
			buildActionMask = 2147483647;
			files = (
			);
			runOnlyForDeploymentPostprocessing = 0;
		};
		31A4CA8B2373EAEE00066E49 /* Frameworks */ = {
			isa = PBXFrameworksBuildPhase;
			buildActionMask = 2147483647;
			files = (
			);
			runOnlyForDeploymentPostprocessing = 0;
		};
		31A4CA962373EAEE00066E49 /* Frameworks */ = {
			isa = PBXFrameworksBuildPhase;
			buildActionMask = 2147483647;
			files = (
			);
			runOnlyForDeploymentPostprocessing = 0;
		};
/* End PBXFrameworksBuildPhase section */

/* Begin PBXGroup section */
		31A4CA712373EAEC00066E49 = {
			isa = PBXGroup;
			children = (
				31A4CA7C2373EAEC00066E49 /* OHSearchApp */,
				31A4CA912373EAEE00066E49 /* OHSearchAppTests */,
				31A4CA9C2373EAEE00066E49 /* OHSearchAppUITests */,
				31A4CA7B2373EAEC00066E49 /* Products */,
			);
			sourceTree = "<group>";
		};
		31A4CA7B2373EAEC00066E49 /* Products */ = {
			isa = PBXGroup;
			children = (
				31A4CA7A2373EAEC00066E49 /* OHSearchApp.app */,
				31A4CA8E2373EAEE00066E49 /* OHSearchAppTests.xctest */,
				31A4CA992373EAEE00066E49 /* OHSearchAppUITests.xctest */,
			);
			name = Products;
			sourceTree = "<group>";
		};
		31A4CA7C2373EAEC00066E49 /* OHSearchApp */ = {
			isa = PBXGroup;
			children = (
				31A4CA7D2373EAEC00066E49 /* AppDelegate.swift */,
				31A4CA7F2373EAEC00066E49 /* ViewController.swift */,
				31A4CA812373EAEC00066E49 /* Main.storyboard */,
				31A4CA842373EAEE00066E49 /* Assets.xcassets */,
				31A4CA862373EAEE00066E49 /* LaunchScreen.storyboard */,
				31A4CA892373EAEE00066E49 /* Info.plist */,
			);
			path = OHSearchApp;
			sourceTree = "<group>";
		};
		31A4CA912373EAEE00066E49 /* OHSearchAppTests */ = {
			isa = PBXGroup;
			children = (
				31A4CA922373EAEE00066E49 /* OHSearchAppTests.swift */,
				31A4CA942373EAEE00066E49 /* Info.plist */,
			);
			path = OHSearchAppTests;
			sourceTree = "<group>";
		};
		31A4CA9C2373EAEE00066E49 /* OHSearchAppUITests */ = {
			isa = PBXGroup;
			children = (
				31A4CA9D2373EAEE00066E49 /* OHSearchAppUITests.swift */,
				31A4CA9F2373EAEE00066E49 /* Info.plist */,
			);
			path = OHSearchAppUITests;
			sourceTree = "<group>";
		};
/* End PBXGroup section */

/* Begin PBXNativeTarget section */
		31A4CA792373EAEC00066E49 /* OHSearchApp */ = {
			isa = PBXNativeTarget;
			buildConfigurationList = 31A4CAA22373EAEE00066E49 /* Build configuration list for PBXNativeTarget "OHSearchApp" */;
			buildPhases = (
				31A4CA762373EAEC00066E49 /* Sources */,
				31A4CA772373EAEC00066E49 /* Frameworks */,
				31A4CA782373EAEC00066E49 /* Resources */,
			);
			buildRules = (
			);
			dependencies = (
			);
			name = OHSearchApp;
			productName = OHSearchApp;
			productReference = 31A4CA7A2373EAEC00066E49 /* OHSearchApp.app */;
			productType = "com.apple.product-type.application";
		};
		31A4CA8D2373EAEE00066E49 /* OHSearchAppTests */ = {
			isa = PBXNativeTarget;
			buildConfigurationList = 31A4CAA52373EAEE00066E49 /* Build configuration list for PBXNativeTarget "OHSearchAppTests" */;
			buildPhases = (
				31A4CA8A2373EAEE00066E49 /* Sources */,
				31A4CA8B2373EAEE00066E49 /* Frameworks */,
				31A4CA8C2373EAEE00066E49 /* Resources */,
			);
			buildRules = (
			);
			dependencies = (
				31A4CA902373EAEE00066E49 /* PBXTargetDependency */,
			);
			name = OHSearchAppTests;
			productName = OHSearchAppTests;
			productReference = 31A4CA8E2373EAEE00066E49 /* OHSearchAppTests.xctest */;
			productType = "com.apple.product-type.bundle.unit-test";
		};
		31A4CA982373EAEE00066E49 /* OHSearchAppUITests */ = {
			isa = PBXNativeTarget;
			buildConfigurationList = 31A4CAA82373EAEE00066E49 /* Build configuration list for PBXNativeTarget "OHSearchAppUITests" */;
			buildPhases = (
				31A4CA952373EAEE00066E49 /* Sources */,
				31A4CA962373EAEE00066E49 /* Frameworks */,
				31A4CA972373EAEE00066E49 /* Resources */,
			);
			buildRules = (
			);
			dependencies = (
				31A4CA9B2373EAEE00066E49 /* PBXTargetDependency */,
			);
			name = OHSearchAppUITests;
			productName = OHSearchAppUITests;
			productReference = 31A4CA992373EAEE00066E49 /* OHSearchAppUITests.xctest */;
			productType = "com.apple.product-type.bundle.ui-testing";
		};
/* End PBXNativeTarget section */

/* Begin PBXProject section */
		31A4CA722373EAEC00066E49 /* Project object */ = {
			isa = PBXProject;
			attributes = {
				LastSwiftUpdateCheck = 1030;
				LastUpgradeCheck = 1030;
				ORGANIZATIONNAME = "Yesrina__dev Oh";
				TargetAttributes = {
					31A4CA792373EAEC00066E49 = {
						CreatedOnToolsVersion = 10.3;
					};
					31A4CA8D2373EAEE00066E49 = {
						CreatedOnToolsVersion = 10.3;
						TestTargetID = 31A4CA792373EAEC00066E49;
					};
					31A4CA982373EAEE00066E49 = {
						CreatedOnToolsVersion = 10.3;
						TestTargetID = 31A4CA792373EAEC00066E49;
					};
				};
			};
			buildConfigurationList = 31A4CA752373EAEC00066E49 /* Build configuration list for PBXProject "OHSearchApp" */;
			compatibilityVersion = "Xcode 9.3";
			developmentRegion = en;
			hasScannedForEncodings = 0;
			knownRegions = (
				en,
				Base,
			);
			mainGroup = 31A4CA712373EAEC00066E49;
			productRefGroup = 31A4CA7B2373EAEC00066E49 /* Products */;
			projectDirPath = "";
			projectRoot = "";
			targets = (
				31A4CA792373EAEC00066E49 /* OHSearchApp */,
				31A4CA8D2373EAEE00066E49 /* OHSearchAppTests */,
				31A4CA982373EAEE00066E49 /* OHSearchAppUITests */,
			);
		};
/* End PBXProject section */

/* Begin PBXResourcesBuildPhase section */
		31A4CA782373EAEC00066E49 /* Resources */ = {
			isa = PBXResourcesBuildPhase;
			buildActionMask = 2147483647;
			files = (
				31A4CA882373EAEE00066E49 /* LaunchScreen.storyboard in Resources */,
				31A4CA852373EAEE00066E49 /* Assets.xcassets in Resources */,
				31A4CA832373EAEC00066E49 /* Main.storyboard in Resources */,
			);
			runOnlyForDeploymentPostprocessing = 0;
		};
		31A4CA8C2373EAEE00066E49 /* Resources */ = {
			isa = PBXResourcesBuildPhase;
			buildActionMask = 2147483647;
			files = (
			);
			runOnlyForDeploymentPostprocessing = 0;
		};
		31A4CA972373EAEE00066E49 /* Resources */ = {
			isa = PBXResourcesBuildPhase;
			buildActionMask = 2147483647;
			files = (
			);
			runOnlyForDeploymentPostprocessing = 0;
		};
/* End PBXResourcesBuildPhase section */

/* Begin PBXSourcesBuildPhase section */
		31A4CA762373EAEC00066E49 /* Sources */ = {
			isa = PBXSourcesBuildPhase;
			buildActionMask = 2147483647;
			files = (
				31A4CA802373EAEC00066E49 /* ViewController.swift in Sources */,
				31A4CA7E2373EAEC00066E49 /* AppDelegate.swift in Sources */,
			);
			runOnlyForDeploymentPostprocessing = 0;
		};
		31A4CA8A2373EAEE00066E49 /* Sources */ = {
			isa = PBXSourcesBuildPhase;
			buildActionMask = 2147483647;
			files = (
				31A4CA932373EAEE00066E49 /* OHSearchAppTests.swift in Sources */,
			);
			runOnlyForDeploymentPostprocessing = 0;
		};
		31A4CA952373EAEE00066E49 /* Sources */ = {
			isa = PBXSourcesBuildPhase;
			buildActionMask = 2147483647;
			files = (
				31A4CA9E2373EAEE00066E49 /* OHSearchAppUITests.swift in Sources */,
			);
			runOnlyForDeploymentPostprocessing = 0;
		};
/* End PBXSourcesBuildPhase section */

/* Begin PBXTargetDependency section */
		31A4CA902373EAEE00066E49 /* PBXTargetDependency */ = {
			isa = PBXTargetDependency;
			target = 31A4CA792373EAEC00066E49 /* OHSearchApp */;
			targetProxy = 31A4CA8F2373EAEE00066E49 /* PBXContainerItemProxy */;
		};
		31A4CA9B2373EAEE00066E49 /* PBXTargetDependency */ = {
			isa = PBXTargetDependency;
			target = 31A4CA792373EAEC00066E49 /* OHSearchApp */;
			targetProxy = 31A4CA9A2373EAEE00066E49 /* PBXContainerItemProxy */;
		};
/* End PBXTargetDependency section */

/* Begin PBXVariantGroup section */
		31A4CA812373EAEC00066E49 /* Main.storyboard */ = {
			isa = PBXVariantGroup;
			children = (
				31A4CA822373EAEC00066E49 /* Base */,
			);
			name = Main.storyboard;
			sourceTree = "<group>";
		};
		31A4CA862373EAEE00066E49 /* LaunchScreen.storyboard */ = {
			isa = PBXVariantGroup;
			children = (
				31A4CA872373EAEE00066E49 /* Base */,
			);
			name = LaunchScreen.storyboard;
			sourceTree = "<group>";
		};
/* End PBXVariantGroup section */

/* Begin XCBuildConfiguration section */
		31A4CAA02373EAEE00066E49 /* Debug */ = {
			isa = XCBuildConfiguration;
			buildSettings = {
				ALWAYS_SEARCH_USER_PATHS = NO;
				CLANG_ANALYZER_NONNULL = YES;
				CLANG_ANALYZER_NUMBER_OBJECT_CONVERSION = YES_AGGRESSIVE;
				CLANG_CXX_LANGUAGE_STANDARD = "gnu++14";
				CLANG_CXX_LIBRARY = "libc++";
				CLANG_ENABLE_MODULES = YES;
				CLANG_ENABLE_OBJC_ARC = YES;
				CLANG_ENABLE_OBJC_WEAK = YES;
				CLANG_WARN_BLOCK_CAPTURE_AUTORELEASING = YES;
				CLANG_WARN_BOOL_CONVERSION = YES;
				CLANG_WARN_COMMA = YES;
				CLANG_WARN_CONSTANT_CONVERSION = YES;
				CLANG_WARN_DEPRECATED_OBJC_IMPLEMENTATIONS = YES;
				CLANG_WARN_DIRECT_OBJC_ISA_USAGE = YES_ERROR;
				CLANG_WARN_DOCUMENTATION_COMMENTS = YES;
				CLANG_WARN_EMPTY_BODY = YES;
				CLANG_WARN_ENUM_CONVERSION = YES;
				CLANG_WARN_INFINITE_RECURSION = YES;
				CLANG_WARN_INT_CONVERSION = YES;
				CLANG_WARN_NON_LITERAL_NULL_CONVERSION = YES;
				CLANG_WARN_OBJC_IMPLICIT_RETAIN_SELF = YES;
				CLANG_WARN_OBJC_LITERAL_CONVERSION = YES;
				CLANG_WARN_OBJC_ROOT_CLASS = YES_ERROR;
				CLANG_WARN_RANGE_LOOP_ANALYSIS = YES;
				CLANG_WARN_STRICT_PROTOTYPES = YES;
				CLANG_WARN_SUSPICIOUS_MOVE = YES;
				CLANG_WARN_UNGUARDED_AVAILABILITY = YES_AGGRESSIVE;
				CLANG_WARN_UNREACHABLE_CODE = YES;
				CLANG_WARN__DUPLICATE_METHOD_MATCH = YES;
				CODE_SIGN_IDENTITY = "iPhone Developer";
				COPY_PHASE_STRIP = NO;
				DEBUG_INFORMATION_FORMAT = dwarf;
				ENABLE_STRICT_OBJC_MSGSEND = YES;
				ENABLE_TESTABILITY = YES;
				GCC_C_LANGUAGE_STANDARD = gnu11;
				GCC_DYNAMIC_NO_PIC = NO;
				GCC_NO_COMMON_BLOCKS = YES;
				GCC_OPTIMIZATION_LEVEL = 0;
				GCC_PREPROCESSOR_DEFINITIONS = (
					"DEBUG=1",
					"$(inherited)",
				);
				GCC_WARN_64_TO_32_BIT_CONVERSION = YES;
				GCC_WARN_ABOUT_RETURN_TYPE = YES_ERROR;
				GCC_WARN_UNDECLARED_SELECTOR = YES;
				GCC_WARN_UNINITIALIZED_AUTOS = YES_AGGRESSIVE;
				GCC_WARN_UNUSED_FUNCTION = YES;
				GCC_WARN_UNUSED_VARIABLE = YES;
				IPHONEOS_DEPLOYMENT_TARGET = 12.4;
				MTL_ENABLE_DEBUG_INFO = INCLUDE_SOURCE;
				MTL_FAST_MATH = YES;
				ONLY_ACTIVE_ARCH = YES;
				SDKROOT = iphoneos;
				SWIFT_ACTIVE_COMPILATION_CONDITIONS = DEBUG;
				SWIFT_OPTIMIZATION_LEVEL = "-Onone";
			};
			name = Debug;
		};
		31A4CAA12373EAEE00066E49 /* Release */ = {
			isa = XCBuildConfiguration;
			buildSettings = {
				ALWAYS_SEARCH_USER_PATHS = NO;
				CLANG_ANALYZER_NONNULL = YES;
				CLANG_ANALYZER_NUMBER_OBJECT_CONVERSION = YES_AGGRESSIVE;
				CLANG_CXX_LANGUAGE_STANDARD = "gnu++14";
				CLANG_CXX_LIBRARY = "libc++";
				CLANG_ENABLE_MODULES = YES;
				CLANG_ENABLE_OBJC_ARC = YES;
				CLANG_ENABLE_OBJC_WEAK = YES;
				CLANG_WARN_BLOCK_CAPTURE_AUTORELEASING = YES;
				CLANG_WARN_BOOL_CONVERSION = YES;
				CLANG_WARN_COMMA = YES;
				CLANG_WARN_CONSTANT_CONVERSION = YES;
				CLANG_WARN_DEPRECATED_OBJC_IMPLEMENTATIONS = YES;
				CLANG_WARN_DIRECT_OBJC_ISA_USAGE = YES_ERROR;
				CLANG_WARN_DOCUMENTATION_COMMENTS = YES;
				CLANG_WARN_EMPTY_BODY = YES;
				CLANG_WARN_ENUM_CONVERSION = YES;
				CLANG_WARN_INFINITE_RECURSION = YES;
				CLANG_WARN_INT_CONVERSION = YES;
				CLANG_WARN_NON_LITERAL_NULL_CONVERSION = YES;
				CLANG_WARN_OBJC_IMPLICIT_RETAIN_SELF = YES;
				CLANG_WARN_OBJC_LITERAL_CONVERSION = YES;
				CLANG_WARN_OBJC_ROOT_CLASS = YES_ERROR;
				CLANG_WARN_RANGE_LOOP_ANALYSIS = YES;
				CLANG_WARN_STRICT_PROTOTYPES = YES;
				CLANG_WARN_SUSPICIOUS_MOVE = YES;
				CLANG_WARN_UNGUARDED_AVAILABILITY = YES_AGGRESSIVE;
				CLANG_WARN_UNREACHABLE_CODE = YES;
				CLANG_WARN__DUPLICATE_METHOD_MATCH = YES;
				CODE_SIGN_IDENTITY = "iPhone Developer";
				COPY_PHASE_STRIP = NO;
				DEBUG_INFORMATION_FORMAT = "dwarf-with-dsym";
				ENABLE_NS_ASSERTIONS = NO;
				ENABLE_STRICT_OBJC_MSGSEND = YES;
				GCC_C_LANGUAGE_STANDARD = gnu11;
				GCC_NO_COMMON_BLOCKS = YES;
				GCC_WARN_64_TO_32_BIT_CONVERSION = YES;
				GCC_WARN_ABOUT_RETURN_TYPE = YES_ERROR;
				GCC_WARN_UNDECLARED_SELECTOR = YES;
				GCC_WARN_UNINITIALIZED_AUTOS = YES_AGGRESSIVE;
				GCC_WARN_UNUSED_FUNCTION = YES;
				GCC_WARN_UNUSED_VARIABLE = YES;
				IPHONEOS_DEPLOYMENT_TARGET = 12.4;
				MTL_ENABLE_DEBUG_INFO = NO;
				MTL_FAST_MATH = YES;
				SDKROOT = iphoneos;
				SWIFT_COMPILATION_MODE = wholemodule;
				SWIFT_OPTIMIZATION_LEVEL = "-O";
				VALIDATE_PRODUCT = YES;
			};
			name = Release;
		};
		31A4CAA32373EAEE00066E49 /* Debug */ = {
			isa = XCBuildConfiguration;
			buildSettings = {
				ASSETCATALOG_COMPILER_APPICON_NAME = AppIcon;
				CODE_SIGN_STYLE = Automatic;
				DEVELOPMENT_TEAM = HN7B85Z989;
				INFOPLIST_FILE = OHSearchApp/Info.plist;
				LD_RUNPATH_SEARCH_PATHS = (
					"$(inherited)",
					"@executable_path/Frameworks",
				);
				PRODUCT_BUNDLE_IDENTIFIER = com.lineplus.OHSearchApp;
				PRODUCT_NAME = "$(TARGET_NAME)";
				SWIFT_VERSION = 5.0;
				TARGETED_DEVICE_FAMILY = "1,2";
			};
			name = Debug;
		};
		31A4CAA42373EAEE00066E49 /* Release */ = {
			isa = XCBuildConfiguration;
			buildSettings = {
				ASSETCATALOG_COMPILER_APPICON_NAME = AppIcon;
				CODE_SIGN_STYLE = Automatic;
				DEVELOPMENT_TEAM = HN7B85Z989;
				INFOPLIST_FILE = OHSearchApp/Info.plist;
				LD_RUNPATH_SEARCH_PATHS = (
					"$(inherited)",
					"@executable_path/Frameworks",
				);
				PRODUCT_BUNDLE_IDENTIFIER = com.lineplus.OHSearchApp;
				PRODUCT_NAME = "$(TARGET_NAME)";
				SWIFT_VERSION = 5.0;
				TARGETED_DEVICE_FAMILY = "1,2";
			};
			name = Release;
		};
		31A4CAA62373EAEE00066E49 /* Debug */ = {
			isa = XCBuildConfiguration;
			buildSettings = {
				ALWAYS_EMBED_SWIFT_STANDARD_LIBRARIES = YES;
				BUNDLE_LOADER = "$(TEST_HOST)";
				CODE_SIGN_STYLE = Automatic;
				DEVELOPMENT_TEAM = HN7B85Z989;
				INFOPLIST_FILE = OHSearchAppTests/Info.plist;
				LD_RUNPATH_SEARCH_PATHS = (
					"$(inherited)",
					"@executable_path/Frameworks",
					"@loader_path/Frameworks",
				);
				PRODUCT_BUNDLE_IDENTIFIER = com.lineplus.OHSearchAppTests;
				PRODUCT_NAME = "$(TARGET_NAME)";
				SWIFT_VERSION = 5.0;
				TARGETED_DEVICE_FAMILY = "1,2";
				TEST_HOST = "$(BUILT_PRODUCTS_DIR)/OHSearchApp.app/OHSearchApp";
			};
			name = Debug;
		};
		31A4CAA72373EAEE00066E49 /* Release */ = {
			isa = XCBuildConfiguration;
			buildSettings = {
				ALWAYS_EMBED_SWIFT_STANDARD_LIBRARIES = YES;
				BUNDLE_LOADER = "$(TEST_HOST)";
				CODE_SIGN_STYLE = Automatic;
				DEVELOPMENT_TEAM = HN7B85Z989;
				INFOPLIST_FILE = OHSearchAppTests/Info.plist;
				LD_RUNPATH_SEARCH_PATHS = (
					"$(inherited)",
					"@executable_path/Frameworks",
					"@loader_path/Frameworks",
				);
				PRODUCT_BUNDLE_IDENTIFIER = com.lineplus.OHSearchAppTests;
				PRODUCT_NAME = "$(TARGET_NAME)";
				SWIFT_VERSION = 5.0;
				TARGETED_DEVICE_FAMILY = "1,2";
				TEST_HOST = "$(BUILT_PRODUCTS_DIR)/OHSearchApp.app/OHSearchApp";
			};
			name = Release;
		};
		31A4CAA92373EAEE00066E49 /* Debug */ = {
			isa = XCBuildConfiguration;
			buildSettings = {
				ALWAYS_EMBED_SWIFT_STANDARD_LIBRARIES = YES;
				CODE_SIGN_STYLE = Automatic;
				DEVELOPMENT_TEAM = HN7B85Z989;
				INFOPLIST_FILE = OHSearchAppUITests/Info.plist;
				LD_RUNPATH_SEARCH_PATHS = (
					"$(inherited)",
					"@executable_path/Frameworks",
					"@loader_path/Frameworks",
				);
				PRODUCT_BUNDLE_IDENTIFIER = com.lineplus.OHSearchAppUITests;
				PRODUCT_NAME = "$(TARGET_NAME)";
				SWIFT_VERSION = 5.0;
				TARGETED_DEVICE_FAMILY = "1,2";
				TEST_TARGET_NAME = OHSearchApp;
			};
			name = Debug;
		};
		31A4CAAA2373EAEE00066E49 /* Release */ = {
			isa = XCBuildConfiguration;
			buildSettings = {
				ALWAYS_EMBED_SWIFT_STANDARD_LIBRARIES = YES;
				CODE_SIGN_STYLE = Automatic;
				DEVELOPMENT_TEAM = HN7B85Z989;
				INFOPLIST_FILE = OHSearchAppUITests/Info.plist;
				LD_RUNPATH_SEARCH_PATHS = (
					"$(inherited)",
					"@executable_path/Frameworks",
					"@loader_path/Frameworks",
				);
				PRODUCT_BUNDLE_IDENTIFIER = com.lineplus.OHSearchAppUITests;
				PRODUCT_NAME = "$(TARGET_NAME)";
				SWIFT_VERSION = 5.0;
				TARGETED_DEVICE_FAMILY = "1,2";
				TEST_TARGET_NAME = OHSearchApp;
			};
			name = Release;
		};
/* End XCBuildConfiguration section */

/* Begin XCConfigurationList section */
		31A4CA752373EAEC00066E49 /* Build configuration list for PBXProject "OHSearchApp" */ = {
			isa = XCConfigurationList;
			buildConfigurations = (
				31A4CAA02373EAEE00066E49 /* Debug */,
				31A4CAA12373EAEE00066E49 /* Release */,
			);
			defaultConfigurationIsVisible = 0;
			defaultConfigurationName = Release;
		};
		31A4CAA22373EAEE00066E49 /* Build configuration list for PBXNativeTarget "OHSearchApp" */ = {
			isa = XCConfigurationList;
			buildConfigurations = (
				31A4CAA32373EAEE00066E49 /* Debug */,
				31A4CAA42373EAEE00066E49 /* Release */,
			);
			defaultConfigurationIsVisible = 0;
			defaultConfigurationName = Release;
		};
		31A4CAA52373EAEE00066E49 /* Build configuration list for PBXNativeTarget "OHSearchAppTests" */ = {
			isa = XCConfigurationList;
			buildConfigurations = (
				31A4CAA62373EAEE00066E49 /* Debug */,
				31A4CAA72373EAEE00066E49 /* Release */,
			);
			defaultConfigurationIsVisible = 0;
			defaultConfigurationName = Release;
		};
		31A4CAA82373EAEE00066E49 /* Build configuration list for PBXNativeTarget "OHSearchAppUITests" */ = {
			isa = XCConfigurationList;
			buildConfigurations = (
				31A4CAA92373EAEE00066E49 /* Debug */,
				31A4CAAA2373EAEE00066E49 /* Release */,
			);
			defaultConfigurationIsVisible = 0;
			defaultConfigurationName = Release;
		};
/* End XCConfigurationList section */
	};
	rootObject = 31A4CA722373EAEC00066E49 /* Project object */;
}
